// !$*UTF8*$!
{
	archiveVersion = 1;
	classes = {
	};
	objectVersion = 46;
	objects = {

/* Begin PBXBuildFile section */
		0D15CA6A5DC2D90B07E200C0 /* Pods_TodoAppTests.framework in Frameworks */ = {isa = PBXBuildFile; fileRef = 61E24A9294FF4BF8E7942ECF /* Pods_TodoAppTests.framework */; };
		45A662831E90EF1800E200A8 /* AppDelegate.swift in Sources */ = {isa = PBXBuildFile; fileRef = 45A662821E90EF1800E200A8 /* AppDelegate.swift */; };
		45A662851E90EF1800E200A8 /* ViewController.swift in Sources */ = {isa = PBXBuildFile; fileRef = 45A662841E90EF1800E200A8 /* ViewController.swift */; };
		45A662881E90EF1800E200A8 /* Main.storyboard in Resources */ = {isa = PBXBuildFile; fileRef = 45A662861E90EF1800E200A8 /* Main.storyboard */; };
		45A6628B1E90EF1800E200A8 /* TodoApp.xcdatamodeld in Sources */ = {isa = PBXBuildFile; fileRef = 45A662891E90EF1800E200A8 /* TodoApp.xcdatamodeld */; };
		45A6628D1E90EF1800E200A8 /* Assets.xcassets in Resources */ = {isa = PBXBuildFile; fileRef = 45A6628C1E90EF1800E200A8 /* Assets.xcassets */; };
		45A662901E90EF1800E200A8 /* LaunchScreen.storyboard in Resources */ = {isa = PBXBuildFile; fileRef = 45A6628E1E90EF1800E200A8 /* LaunchScreen.storyboard */; };
		45A6629B1E90EF1800E200A8 /* TodoAppTests.swift in Sources */ = {isa = PBXBuildFile; fileRef = 45A6629A1E90EF1800E200A8 /* TodoAppTests.swift */; };
		45A662A61E90EF1800E200A8 /* TodoAppUITests.swift in Sources */ = {isa = PBXBuildFile; fileRef = 45A662A51E90EF1800E200A8 /* TodoAppUITests.swift */; };
		7DBA06B03C0679AB3FAE0588 /* Pods_TodoAppUITests.framework in Frameworks */ = {isa = PBXBuildFile; fileRef = 4903DAD65325D1DE9FCA3755 /* Pods_TodoAppUITests.framework */; };
		CF19412A8A51C3168CF73E60 /* Pods_TodoApp.framework in Frameworks */ = {isa = PBXBuildFile; fileRef = 7ADD1F068F463DDB7DB2EA0D /* Pods_TodoApp.framework */; };
/* End PBXBuildFile section */

/* Begin PBXContainerItemProxy section */
		45A662971E90EF1800E200A8 /* PBXContainerItemProxy */ = {
			isa = PBXContainerItemProxy;
			containerPortal = 45A662771E90EF1800E200A8 /* Project object */;
			proxyType = 1;
			remoteGlobalIDString = 45A6627E1E90EF1800E200A8;
			remoteInfo = TodoApp;
		};
		45A662A21E90EF1800E200A8 /* PBXContainerItemProxy */ = {
			isa = PBXContainerItemProxy;
			containerPortal = 45A662771E90EF1800E200A8 /* Project object */;
			proxyType = 1;
			remoteGlobalIDString = 45A6627E1E90EF1800E200A8;
			remoteInfo = TodoApp;
		};
/* End PBXContainerItemProxy section */

/* Begin PBXFileReference section */
		1FD4E2D57CD214FE7AE16E7A /* Pods-TodoAppTests.debug.xcconfig */ = {isa = PBXFileReference; includeInIndex = 1; lastKnownFileType = text.xcconfig; name = "Pods-TodoAppTests.debug.xcconfig"; path = "Pods/Target Support Files/Pods-TodoAppTests/Pods-TodoAppTests.debug.xcconfig"; sourceTree = "<group>"; };
		448A31340B224D87975158A9 /* Pods-TodoApp.debug.xcconfig */ = {isa = PBXFileReference; includeInIndex = 1; lastKnownFileType = text.xcconfig; name = "Pods-TodoApp.debug.xcconfig"; path = "Pods/Target Support Files/Pods-TodoApp/Pods-TodoApp.debug.xcconfig"; sourceTree = "<group>"; };
		45A6627F1E90EF1800E200A8 /* TodoApp.app */ = {isa = PBXFileReference; explicitFileType = wrapper.application; includeInIndex = 0; path = TodoApp.app; sourceTree = BUILT_PRODUCTS_DIR; };
		45A662821E90EF1800E200A8 /* AppDelegate.swift */ = {isa = PBXFileReference; lastKnownFileType = sourcecode.swift; path = AppDelegate.swift; sourceTree = "<group>"; };
		45A662841E90EF1800E200A8 /* ViewController.swift */ = {isa = PBXFileReference; lastKnownFileType = sourcecode.swift; path = ViewController.swift; sourceTree = "<group>"; };
		45A662871E90EF1800E200A8 /* Base */ = {isa = PBXFileReference; lastKnownFileType = file.storyboard; name = Base; path = Base.lproj/Main.storyboard; sourceTree = "<group>"; };
		45A6628A1E90EF1800E200A8 /* TodoApp.xcdatamodel */ = {isa = PBXFileReference; lastKnownFileType = wrapper.xcdatamodel; path = TodoApp.xcdatamodel; sourceTree = "<group>"; };
		45A6628C1E90EF1800E200A8 /* Assets.xcassets */ = {isa = PBXFileReference; lastKnownFileType = folder.assetcatalog; path = Assets.xcassets; sourceTree = "<group>"; };
		45A6628F1E90EF1800E200A8 /* Base */ = {isa = PBXFileReference; lastKnownFileType = file.storyboard; name = Base; path = Base.lproj/LaunchScreen.storyboard; sourceTree = "<group>"; };
		45A662911E90EF1800E200A8 /* Info.plist */ = {isa = PBXFileReference; lastKnownFileType = text.plist.xml; path = Info.plist; sourceTree = "<group>"; };
		45A662961E90EF1800E200A8 /* TodoAppTests.xctest */ = {isa = PBXFileReference; explicitFileType = wrapper.cfbundle; includeInIndex = 0; path = TodoAppTests.xctest; sourceTree = BUILT_PRODUCTS_DIR; };
		45A6629A1E90EF1800E200A8 /* TodoAppTests.swift */ = {isa = PBXFileReference; lastKnownFileType = sourcecode.swift; path = TodoAppTests.swift; sourceTree = "<group>"; };
		45A6629C1E90EF1800E200A8 /* Info.plist */ = {isa = PBXFileReference; lastKnownFileType = text.plist.xml; path = Info.plist; sourceTree = "<group>"; };
		45A662A11E90EF1800E200A8 /* TodoAppUITests.xctest */ = {isa = PBXFileReference; explicitFileType = wrapper.cfbundle; includeInIndex = 0; path = TodoAppUITests.xctest; sourceTree = BUILT_PRODUCTS_DIR; };
		45A662A51E90EF1800E200A8 /* TodoAppUITests.swift */ = {isa = PBXFileReference; lastKnownFileType = sourcecode.swift; path = TodoAppUITests.swift; sourceTree = "<group>"; };
		45A662A71E90EF1800E200A8 /* Info.plist */ = {isa = PBXFileReference; lastKnownFileType = text.plist.xml; path = Info.plist; sourceTree = "<group>"; };
		4903DAD65325D1DE9FCA3755 /* Pods_TodoAppUITests.framework */ = {isa = PBXFileReference; explicitFileType = wrapper.framework; includeInIndex = 0; path = Pods_TodoAppUITests.framework; sourceTree = BUILT_PRODUCTS_DIR; };
		61E24A9294FF4BF8E7942ECF /* Pods_TodoAppTests.framework */ = {isa = PBXFileReference; explicitFileType = wrapper.framework; includeInIndex = 0; path = Pods_TodoAppTests.framework; sourceTree = BUILT_PRODUCTS_DIR; };
		63E452956732D98536859D3F /* Pods-TodoAppUITests.debug.xcconfig */ = {isa = PBXFileReference; includeInIndex = 1; lastKnownFileType = text.xcconfig; name = "Pods-TodoAppUITests.debug.xcconfig"; path = "Pods/Target Support Files/Pods-TodoAppUITests/Pods-TodoAppUITests.debug.xcconfig"; sourceTree = "<group>"; };
		71B9377608099E7001F9E3A4 /* Pods-TodoAppUITests.release.xcconfig */ = {isa = PBXFileReference; includeInIndex = 1; lastKnownFileType = text.xcconfig; name = "Pods-TodoAppUITests.release.xcconfig"; path = "Pods/Target Support Files/Pods-TodoAppUITests/Pods-TodoAppUITests.release.xcconfig"; sourceTree = "<group>"; };
		7ADD1F068F463DDB7DB2EA0D /* Pods_TodoApp.framework */ = {isa = PBXFileReference; explicitFileType = wrapper.framework; includeInIndex = 0; path = Pods_TodoApp.framework; sourceTree = BUILT_PRODUCTS_DIR; };
		BCA871342C5D99B23F247B69 /* Pods-TodoApp.release.xcconfig */ = {isa = PBXFileReference; includeInIndex = 1; lastKnownFileType = text.xcconfig; name = "Pods-TodoApp.release.xcconfig"; path = "Pods/Target Support Files/Pods-TodoApp/Pods-TodoApp.release.xcconfig"; sourceTree = "<group>"; };
		F76AC27CF285519D5369AC66 /* Pods-TodoAppTests.release.xcconfig */ = {isa = PBXFileReference; includeInIndex = 1; lastKnownFileType = text.xcconfig; name = "Pods-TodoAppTests.release.xcconfig"; path = "Pods/Target Support Files/Pods-TodoAppTests/Pods-TodoAppTests.release.xcconfig"; sourceTree = "<group>"; };
/* End PBXFileReference section */

/* Begin PBXFrameworksBuildPhase section */
		45A6627C1E90EF1800E200A8 /* Frameworks */ = {
			isa = PBXFrameworksBuildPhase;
			buildActionMask = 2147483647;
			files = (
				CF19412A8A51C3168CF73E60 /* Pods_TodoApp.framework in Frameworks */,
			);
			runOnlyForDeploymentPostprocessing = 0;
		};
		45A662931E90EF1800E200A8 /* Frameworks */ = {
			isa = PBXFrameworksBuildPhase;
			buildActionMask = 2147483647;
			files = (
				0D15CA6A5DC2D90B07E200C0 /* Pods_TodoAppTests.framework in Frameworks */,
			);
			runOnlyForDeploymentPostprocessing = 0;
		};
		45A6629E1E90EF1800E200A8 /* Frameworks */ = {
			isa = PBXFrameworksBuildPhase;
			buildActionMask = 2147483647;
			files = (
				7DBA06B03C0679AB3FAE0588 /* Pods_TodoAppUITests.framework in Frameworks */,
			);
			runOnlyForDeploymentPostprocessing = 0;
		};
/* End PBXFrameworksBuildPhase section */

/* Begin PBXGroup section */
		45A662761E90EF1800E200A8 = {
			isa = PBXGroup;
			children = (
				45A662811E90EF1800E200A8 /* TodoApp */,
				45A662991E90EF1800E200A8 /* TodoAppTests */,
				45A662A41E90EF1800E200A8 /* TodoAppUITests */,
				45A662801E90EF1800E200A8 /* Products */,
				D6E619BC98017AFEFEDECB7C /* Pods */,
				B6B80F2DD0209AF04F1ABEDC /* Frameworks */,
			);
			sourceTree = "<group>";
		};
		45A662801E90EF1800E200A8 /* Products */ = {
			isa = PBXGroup;
			children = (
				45A6627F1E90EF1800E200A8 /* TodoApp.app */,
				45A662961E90EF1800E200A8 /* TodoAppTests.xctest */,
				45A662A11E90EF1800E200A8 /* TodoAppUITests.xctest */,
			);
			name = Products;
			sourceTree = "<group>";
		};
		45A662811E90EF1800E200A8 /* TodoApp */ = {
			isa = PBXGroup;
			children = (
				45A662821E90EF1800E200A8 /* AppDelegate.swift */,
				45A662841E90EF1800E200A8 /* ViewController.swift */,
				45A662861E90EF1800E200A8 /* Main.storyboard */,
				45A6628C1E90EF1800E200A8 /* Assets.xcassets */,
				45A6628E1E90EF1800E200A8 /* LaunchScreen.storyboard */,
				45A662911E90EF1800E200A8 /* Info.plist */,
				45A662891E90EF1800E200A8 /* TodoApp.xcdatamodeld */,
			);
			path = TodoApp;
			sourceTree = "<group>";
		};
		45A662991E90EF1800E200A8 /* TodoAppTests */ = {
			isa = PBXGroup;
			children = (
				45A6629A1E90EF1800E200A8 /* TodoAppTests.swift */,
				45A6629C1E90EF1800E200A8 /* Info.plist */,
			);
			path = TodoAppTests;
			sourceTree = "<group>";
		};
		45A662A41E90EF1800E200A8 /* TodoAppUITests */ = {
			isa = PBXGroup;
			children = (
				45A662A51E90EF1800E200A8 /* TodoAppUITests.swift */,
				45A662A71E90EF1800E200A8 /* Info.plist */,
			);
			path = TodoAppUITests;
			sourceTree = "<group>";
		};
		B6B80F2DD0209AF04F1ABEDC /* Frameworks */ = {
			isa = PBXGroup;
			children = (
				7ADD1F068F463DDB7DB2EA0D /* Pods_TodoApp.framework */,
				61E24A9294FF4BF8E7942ECF /* Pods_TodoAppTests.framework */,
				4903DAD65325D1DE9FCA3755 /* Pods_TodoAppUITests.framework */,
			);
			name = Frameworks;
			sourceTree = "<group>";
		};
		D6E619BC98017AFEFEDECB7C /* Pods */ = {
			isa = PBXGroup;
			children = (
				448A31340B224D87975158A9 /* Pods-TodoApp.debug.xcconfig */,
				BCA871342C5D99B23F247B69 /* Pods-TodoApp.release.xcconfig */,
				1FD4E2D57CD214FE7AE16E7A /* Pods-TodoAppTests.debug.xcconfig */,
				F76AC27CF285519D5369AC66 /* Pods-TodoAppTests.release.xcconfig */,
				63E452956732D98536859D3F /* Pods-TodoAppUITests.debug.xcconfig */,
				71B9377608099E7001F9E3A4 /* Pods-TodoAppUITests.release.xcconfig */,
			);
			name = Pods;
			sourceTree = "<group>";
		};
/* End PBXGroup section */

/* Begin PBXNativeTarget section */
		45A6627E1E90EF1800E200A8 /* TodoApp */ = {
			isa = PBXNativeTarget;
			buildConfigurationList = 45A662AA1E90EF1800E200A8 /* Build configuration list for PBXNativeTarget "TodoApp" */;
			buildPhases = (
				99996DA7B237479E532BB58C /* [CP] Check Pods Manifest.lock */,
				45A6627B1E90EF1800E200A8 /* Sources */,
				45A6627C1E90EF1800E200A8 /* Frameworks */,
				45A6627D1E90EF1800E200A8 /* Resources */,
				09E978900338CD70CD518ED1 /* [CP] Embed Pods Frameworks */,
				B4631A6B9F5C2CA5075346FF /* [CP] Copy Pods Resources */,
			);
			buildRules = (
			);
			dependencies = (
			);
			name = TodoApp;
			productName = TodoApp;
			productReference = 45A6627F1E90EF1800E200A8 /* TodoApp.app */;
			productType = "com.apple.product-type.application";
		};
		45A662951E90EF1800E200A8 /* TodoAppTests */ = {
			isa = PBXNativeTarget;
			buildConfigurationList = 45A662AD1E90EF1800E200A8 /* Build configuration list for PBXNativeTarget "TodoAppTests" */;
			buildPhases = (
				E763A7E49695C94F33897EC4 /* [CP] Check Pods Manifest.lock */,
				45A662921E90EF1800E200A8 /* Sources */,
				45A662931E90EF1800E200A8 /* Frameworks */,
				45A662941E90EF1800E200A8 /* Resources */,
				C39868B34CBABA87C8C682E5 /* [CP] Embed Pods Frameworks */,
				0531C3EC31C6C2D8105EB08D /* [CP] Copy Pods Resources */,
			);
			buildRules = (
			);
			dependencies = (
				45A662981E90EF1800E200A8 /* PBXTargetDependency */,
			);
			name = TodoAppTests;
			productName = TodoAppTests;
			productReference = 45A662961E90EF1800E200A8 /* TodoAppTests.xctest */;
			productType = "com.apple.product-type.bundle.unit-test";
		};
		45A662A01E90EF1800E200A8 /* TodoAppUITests */ = {
			isa = PBXNativeTarget;
			buildConfigurationList = 45A662B01E90EF1800E200A8 /* Build configuration list for PBXNativeTarget "TodoAppUITests" */;
			buildPhases = (
				D001B9C4684E65137DD3DD6B /* [CP] Check Pods Manifest.lock */,
				45A6629D1E90EF1800E200A8 /* Sources */,
				45A6629E1E90EF1800E200A8 /* Frameworks */,
				45A6629F1E90EF1800E200A8 /* Resources */,
				DEA9B57E86A0CC17DB8D5850 /* [CP] Embed Pods Frameworks */,
				6CEE2AB471FD7C40758C3A84 /* [CP] Copy Pods Resources */,
			);
			buildRules = (
			);
			dependencies = (
				45A662A31E90EF1800E200A8 /* PBXTargetDependency */,
			);
			name = TodoAppUITests;
			productName = TodoAppUITests;
			productReference = 45A662A11E90EF1800E200A8 /* TodoAppUITests.xctest */;
			productType = "com.apple.product-type.bundle.ui-testing";
		};
/* End PBXNativeTarget section */

/* Begin PBXProject section */
		45A662771E90EF1800E200A8 /* Project object */ = {
			isa = PBXProject;
			attributes = {
				LastSwiftUpdateCheck = 0830;
				LastUpgradeCheck = 0830;
				ORGANIZATIONNAME = Hiro;
				TargetAttributes = {
					45A6627E1E90EF1800E200A8 = {
						CreatedOnToolsVersion = 8.3;
						ProvisioningStyle = Automatic;
					};
					45A662951E90EF1800E200A8 = {
						CreatedOnToolsVersion = 8.3;
						ProvisioningStyle = Automatic;
						TestTargetID = 45A6627E1E90EF1800E200A8;
					};
					45A662A01E90EF1800E200A8 = {
						CreatedOnToolsVersion = 8.3;
						ProvisioningStyle = Automatic;
						TestTargetID = 45A6627E1E90EF1800E200A8;
					};
				};
			};
			buildConfigurationList = 45A6627A1E90EF1800E200A8 /* Build configuration list for PBXProject "TodoApp" */;
			compatibilityVersion = "Xcode 3.2";
			developmentRegion = English;
			hasScannedForEncodings = 0;
			knownRegions = (
				en,
				Base,
			);
			mainGroup = 45A662761E90EF1800E200A8;
			productRefGroup = 45A662801E90EF1800E200A8 /* Products */;
			projectDirPath = "";
			projectRoot = "";
			targets = (
				45A6627E1E90EF1800E200A8 /* TodoApp */,
				45A662951E90EF1800E200A8 /* TodoAppTests */,
				45A662A01E90EF1800E200A8 /* TodoAppUITests */,
			);
		};
/* End PBXProject section */

/* Begin PBXResourcesBuildPhase section */
		45A6627D1E90EF1800E200A8 /* Resources */ = {
			isa = PBXResourcesBuildPhase;
			buildActionMask = 2147483647;
			files = (
				45A662901E90EF1800E200A8 /* LaunchScreen.storyboard in Resources */,
				45A6628D1E90EF1800E200A8 /* Assets.xcassets in Resources */,
				45A662881E90EF1800E200A8 /* Main.storyboard in Resources */,
			);
			runOnlyForDeploymentPostprocessing = 0;
		};
		45A662941E90EF1800E200A8 /* Resources */ = {
			isa = PBXResourcesBuildPhase;
			buildActionMask = 2147483647;
			files = (
			);
			runOnlyForDeploymentPostprocessing = 0;
		};
		45A6629F1E90EF1800E200A8 /* Resources */ = {
			isa = PBXResourcesBuildPhase;
			buildActionMask = 2147483647;
			files = (
			);
			runOnlyForDeploymentPostprocessing = 0;
		};
/* End PBXResourcesBuildPhase section */

/* Begin PBXShellScriptBuildPhase section */
		0531C3EC31C6C2D8105EB08D /* [CP] Copy Pods Resources */ = {
			isa = PBXShellScriptBuildPhase;
			buildActionMask = 2147483647;
			files = (
			);
			inputPaths = (
			);
			name = "[CP] Copy Pods Resources";
			outputPaths = (
			);
			runOnlyForDeploymentPostprocessing = 0;
			shellPath = /bin/sh;
			shellScript = "\"${SRCROOT}/Pods/Target Support Files/Pods-TodoAppTests/Pods-TodoAppTests-resources.sh\"\n";
			showEnvVarsInLog = 0;
		};
		09E978900338CD70CD518ED1 /* [CP] Embed Pods Frameworks */ = {
			isa = PBXShellScriptBuildPhase;
			buildActionMask = 2147483647;
			files = (
			);
			inputPaths = (
			);
			name = "[CP] Embed Pods Frameworks";
			outputPaths = (
			);
			runOnlyForDeploymentPostprocessing = 0;
			shellPath = /bin/sh;
			shellScript = "\"${SRCROOT}/Pods/Target Support Files/Pods-TodoApp/Pods-TodoApp-frameworks.sh\"\n";
			showEnvVarsInLog = 0;
		};
		6CEE2AB471FD7C40758C3A84 /* [CP] Copy Pods Resources */ = {
			isa = PBXShellScriptBuildPhase;
			buildActionMask = 2147483647;
			files = (
			);
			inputPaths = (
			);
			name = "[CP] Copy Pods Resources";
			outputPaths = (
			);
			runOnlyForDeploymentPostprocessing = 0;
			shellPath = /bin/sh;
			shellScript = "\"${SRCROOT}/Pods/Target Support Files/Pods-TodoAppUITests/Pods-TodoAppUITests-resources.sh\"\n";
			showEnvVarsInLog = 0;
		};
		99996DA7B237479E532BB58C /* [CP] Check Pods Manifest.lock */ = {
			isa = PBXShellScriptBuildPhase;
			buildActionMask = 2147483647;
			files = (
			);
			inputPaths = (
			);
			name = "[CP] Check Pods Manifest.lock";
			outputPaths = (
			);
			runOnlyForDeploymentPostprocessing = 0;
			shellPath = /bin/sh;
			shellScript = "diff \"${PODS_ROOT}/../Podfile.lock\" \"${PODS_ROOT}/Manifest.lock\" > /dev/null\nif [ $? != 0 ] ; then\n    # print error to STDERR\n    echo \"error: The sandbox is not in sync with the Podfile.lock. Run 'pod install' or update your CocoaPods installation.\" >&2\n    exit 1\nfi\n";
			showEnvVarsInLog = 0;
		};
		B4631A6B9F5C2CA5075346FF /* [CP] Copy Pods Resources */ = {
			isa = PBXShellScriptBuildPhase;
			buildActionMask = 2147483647;
			files = (
			);
			inputPaths = (
			);
			name = "[CP] Copy Pods Resources";
			outputPaths = (
			);
			runOnlyForDeploymentPostprocessing = 0;
			shellPath = /bin/sh;
			shellScript = "\"${SRCROOT}/Pods/Target Support Files/Pods-TodoApp/Pods-TodoApp-resources.sh\"\n";
			showEnvVarsInLog = 0;
		};
		C39868B34CBABA87C8C682E5 /* [CP] Embed Pods Frameworks */ = {
			isa = PBXShellScriptBuildPhase;
			buildActionMask = 2147483647;
			files = (
			);
			inputPaths = (
			);
			name = "[CP] Embed Pods Frameworks";
			outputPaths = (
			);
			runOnlyForDeploymentPostprocessing = 0;
			shellPath = /bin/sh;
			shellScript = "\"${SRCROOT}/Pods/Target Support Files/Pods-TodoAppTests/Pods-TodoAppTests-frameworks.sh\"\n";
			showEnvVarsInLog = 0;
		};
		D001B9C4684E65137DD3DD6B /* [CP] Check Pods Manifest.lock */ = {
			isa = PBXShellScriptBuildPhase;
			buildActionMask = 2147483647;
			files = (
			);
			inputPaths = (
			);
			name = "[CP] Check Pods Manifest.lock";
			outputPaths = (
			);
			runOnlyForDeploymentPostprocessing = 0;
			shellPath = /bin/sh;
			shellScript = "diff \"${PODS_ROOT}/../Podfile.lock\" \"${PODS_ROOT}/Manifest.lock\" > /dev/null\nif [ $? != 0 ] ; then\n    # print error to STDERR\n    echo \"error: The sandbox is not in sync with the Podfile.lock. Run 'pod install' or update your CocoaPods installation.\" >&2\n    exit 1\nfi\n";
			showEnvVarsInLog = 0;
		};
		DEA9B57E86A0CC17DB8D5850 /* [CP] Embed Pods Frameworks */ = {
			isa = PBXShellScriptBuildPhase;
			buildActionMask = 2147483647;
			files = (
			);
			inputPaths = (
			);
			name = "[CP] Embed Pods Frameworks";
			outputPaths = (
			);
			runOnlyForDeploymentPostprocessing = 0;
			shellPath = /bin/sh;
			shellScript = "\"${SRCROOT}/Pods/Target Support Files/Pods-TodoAppUITests/Pods-TodoAppUITests-frameworks.sh\"\n";
			showEnvVarsInLog = 0;
		};
		E763A7E49695C94F33897EC4 /* [CP] Check Pods Manifest.lock */ = {
			isa = PBXShellScriptBuildPhase;
			buildActionMask = 2147483647;
			files = (
			);
			inputPaths = (
			);
			name = "[CP] Check Pods Manifest.lock";
			outputPaths = (
			);
			runOnlyForDeploymentPostprocessing = 0;
			shellPath = /bin/sh;
			shellScript = "diff \"${PODS_ROOT}/../Podfile.lock\" \"${PODS_ROOT}/Manifest.lock\" > /dev/null\nif [ $? != 0 ] ; then\n    # print error to STDERR\n    echo \"error: The sandbox is not in sync with the Podfile.lock. Run 'pod install' or update your CocoaPods installation.\" >&2\n    exit 1\nfi\n";
			showEnvVarsInLog = 0;
		};
/* End PBXShellScriptBuildPhase section */

/* Begin PBXSourcesBuildPhase section */
		45A6627B1E90EF1800E200A8 /* Sources */ = {
			isa = PBXSourcesBuildPhase;
			buildActionMask = 2147483647;
			files = (
				45A662851E90EF1800E200A8 /* ViewController.swift in Sources */,
				45A6628B1E90EF1800E200A8 /* TodoApp.xcdatamodeld in Sources */,
				45A662831E90EF1800E200A8 /* AppDelegate.swift in Sources */,
			);
			runOnlyForDeploymentPostprocessing = 0;
		};
		45A662921E90EF1800E200A8 /* Sources */ = {
			isa = PBXSourcesBuildPhase;
			buildActionMask = 2147483647;
			files = (
				45A6629B1E90EF1800E200A8 /* TodoAppTests.swift in Sources */,
			);
			runOnlyForDeploymentPostprocessing = 0;
		};
		45A6629D1E90EF1800E200A8 /* Sources */ = {
			isa = PBXSourcesBuildPhase;
			buildActionMask = 2147483647;
			files = (
				45A662A61E90EF1800E200A8 /* TodoAppUITests.swift in Sources */,
			);
			runOnlyForDeploymentPostprocessing = 0;
		};
/* End PBXSourcesBuildPhase section */

/* Begin PBXTargetDependency section */
		45A662981E90EF1800E200A8 /* PBXTargetDependency */ = {
			isa = PBXTargetDependency;
			target = 45A6627E1E90EF1800E200A8 /* TodoApp */;
			targetProxy = 45A662971E90EF1800E200A8 /* PBXContainerItemProxy */;
		};
		45A662A31E90EF1800E200A8 /* PBXTargetDependency */ = {
			isa = PBXTargetDependency;
			target = 45A6627E1E90EF1800E200A8 /* TodoApp */;
			targetProxy = 45A662A21E90EF1800E200A8 /* PBXContainerItemProxy */;
		};
/* End PBXTargetDependency section */

/* Begin PBXVariantGroup section */
		45A662861E90EF1800E200A8 /* Main.storyboard */ = {
			isa = PBXVariantGroup;
			children = (
				45A662871E90EF1800E200A8 /* Base */,
			);
			name = Main.storyboard;
			sourceTree = "<group>";
		};
		45A6628E1E90EF1800E200A8 /* LaunchScreen.storyboard */ = {
			isa = PBXVariantGroup;
			children = (
				45A6628F1E90EF1800E200A8 /* Base */,
			);
			name = LaunchScreen.storyboard;
			sourceTree = "<group>";
		};
/* End PBXVariantGroup section */

/* Begin XCBuildConfiguration section */
		45A662A81E90EF1800E200A8 /* Debug */ = {
			isa = XCBuildConfiguration;
			buildSettings = {
				ALWAYS_SEARCH_USER_PATHS = NO;
				CLANG_ANALYZER_NONNULL = YES;
				CLANG_ANALYZER_NUMBER_OBJECT_CONVERSION = YES_AGGRESSIVE;
				CLANG_CXX_LANGUAGE_STANDARD = "gnu++0x";
				CLANG_CXX_LIBRARY = "libc++";
				CLANG_ENABLE_MODULES = YES;
				CLANG_ENABLE_OBJC_ARC = YES;
				CLANG_WARN_BOOL_CONVERSION = YES;
				CLANG_WARN_CONSTANT_CONVERSION = YES;
				CLANG_WARN_DIRECT_OBJC_ISA_USAGE = YES_ERROR;
				CLANG_WARN_DOCUMENTATION_COMMENTS = YES;
				CLANG_WARN_EMPTY_BODY = YES;
				CLANG_WARN_ENUM_CONVERSION = YES;
				CLANG_WARN_INFINITE_RECURSION = YES;
				CLANG_WARN_INT_CONVERSION = YES;
				CLANG_WARN_OBJC_ROOT_CLASS = YES_ERROR;
				CLANG_WARN_SUSPICIOUS_MOVE = YES;
				CLANG_WARN_UNREACHABLE_CODE = YES;
				CLANG_WARN__DUPLICATE_METHOD_MATCH = YES;
				"CODE_SIGN_IDENTITY[sdk=iphoneos*]" = "iPhone Developer";
				COPY_PHASE_STRIP = NO;
				DEBUG_INFORMATION_FORMAT = dwarf;
				ENABLE_STRICT_OBJC_MSGSEND = YES;
				ENABLE_TESTABILITY = YES;
				GCC_C_LANGUAGE_STANDARD = gnu99;
				GCC_DYNAMIC_NO_PIC = NO;
				GCC_NO_COMMON_BLOCKS = YES;
				GCC_OPTIMIZATION_LEVEL = 0;
				GCC_PREPROCESSOR_DEFINITIONS = (
					"DEBUG=1",
					"$(inherited)",
				);
				GCC_WARN_64_TO_32_BIT_CONVERSION = YES;
				GCC_WARN_ABOUT_RETURN_TYPE = YES_ERROR;
				GCC_WARN_UNDECLARED_SELECTOR = YES;
				GCC_WARN_UNINITIALIZED_AUTOS = YES_AGGRESSIVE;
				GCC_WARN_UNUSED_FUNCTION = YES;
				GCC_WARN_UNUSED_VARIABLE = YES;
				IPHONEOS_DEPLOYMENT_TARGET = 10.3;
				MTL_ENABLE_DEBUG_INFO = YES;
				ONLY_ACTIVE_ARCH = YES;
				SDKROOT = iphoneos;
				SWIFT_ACTIVE_COMPILATION_CONDITIONS = DEBUG;
				SWIFT_OPTIMIZATION_LEVEL = "-Onone";
			};
			name = Debug;
		};
		45A662A91E90EF1800E200A8 /* Release */ = {
			isa = XCBuildConfiguration;
			buildSettings = {
				ALWAYS_SEARCH_USER_PATHS = NO;
				CLANG_ANALYZER_NONNULL = YES;
				CLANG_ANALYZER_NUMBER_OBJECT_CONVERSION = YES_AGGRESSIVE;
				CLANG_CXX_LANGUAGE_STANDARD = "gnu++0x";
				CLANG_CXX_LIBRARY = "libc++";
				CLANG_ENABLE_MODULES = YES;
				CLANG_ENABLE_OBJC_ARC = YES;
				CLANG_WARN_BOOL_CONVERSION = YES;
				CLANG_WARN_CONSTANT_CONVERSION = YES;
				CLANG_WARN_DIRECT_OBJC_ISA_USAGE = YES_ERROR;
				CLANG_WARN_DOCUMENTATION_COMMENTS = YES;
				CLANG_WARN_EMPTY_BODY = YES;
				CLANG_WARN_ENUM_CONVERSION = YES;
				CLANG_WARN_INFINITE_RECURSION = YES;
				CLANG_WARN_INT_CONVERSION = YES;
				CLANG_WARN_OBJC_ROOT_CLASS = YES_ERROR;
				CLANG_WARN_SUSPICIOUS_MOVE = YES;
				CLANG_WARN_UNREACHABLE_CODE = YES;
				CLANG_WARN__DUPLICATE_METHOD_MATCH = YES;
				"CODE_SIGN_IDENTITY[sdk=iphoneos*]" = "iPhone Developer";
				COPY_PHASE_STRIP = NO;
				DEBUG_INFORMATION_FORMAT = "dwarf-with-dsym";
				ENABLE_NS_ASSERTIONS = NO;
				ENABLE_STRICT_OBJC_MSGSEND = YES;
				GCC_C_LANGUAGE_STANDARD = gnu99;
				GCC_NO_COMMON_BLOCKS = YES;
				GCC_WARN_64_TO_32_BIT_CONVERSION = YES;
				GCC_WARN_ABOUT_RETURN_TYPE = YES_ERROR;
				GCC_WARN_UNDECLARED_SELECTOR = YES;
				GCC_WARN_UNINITIALIZED_AUTOS = YES_AGGRESSIVE;
				GCC_WARN_UNUSED_FUNCTION = YES;
				GCC_WARN_UNUSED_VARIABLE = YES;
				IPHONEOS_DEPLOYMENT_TARGET = 10.3;
				MTL_ENABLE_DEBUG_INFO = NO;
				SDKROOT = iphoneos;
				SWIFT_OPTIMIZATION_LEVEL = "-Owholemodule";
				VALIDATE_PRODUCT = YES;
			};
			name = Release;
		};
		45A662AB1E90EF1800E200A8 /* Debug */ = {
			isa = XCBuildConfiguration;
			baseConfigurationReference = 448A31340B224D87975158A9 /* Pods-TodoApp.debug.xcconfig */;
			buildSettings = {
				ASSETCATALOG_COMPILER_APPICON_NAME = AppIcon;
				INFOPLIST_FILE = TodoApp/Info.plist;
				LD_RUNPATH_SEARCH_PATHS = "$(inherited) @executable_path/Frameworks";
				PRODUCT_BUNDLE_IDENTIFIER = com.hiroshige.TodoApp;
				PRODUCT_NAME = "$(TARGET_NAME)";
				SWIFT_VERSION = 3.0;
			};
			name = Debug;
		};
		45A662AC1E90EF1800E200A8 /* Release */ = {
			isa = XCBuildConfiguration;
			baseConfigurationReference = BCA871342C5D99B23F247B69 /* Pods-TodoApp.release.xcconfig */;
			buildSettings = {
				ASSETCATALOG_COMPILER_APPICON_NAME = AppIcon;
				INFOPLIST_FILE = TodoApp/Info.plist;
				LD_RUNPATH_SEARCH_PATHS = "$(inherited) @executable_path/Frameworks";
				PRODUCT_BUNDLE_IDENTIFIER = com.hiroshige.TodoApp;
				PRODUCT_NAME = "$(TARGET_NAME)";
				SWIFT_VERSION = 3.0;
			};
			name = Release;
		};
		45A662AE1E90EF1800E200A8 /* Debug */ = {
			isa = XCBuildConfiguration;
			baseConfigurationReference = 1FD4E2D57CD214FE7AE16E7A /* Pods-TodoAppTests.debug.xcconfig */;
			buildSettings = {
				ALWAYS_EMBED_SWIFT_STANDARD_LIBRARIES = YES;
				BUNDLE_LOADER = "$(TEST_HOST)";
				INFOPLIST_FILE = TodoAppTests/Info.plist;
				LD_RUNPATH_SEARCH_PATHS = "$(inherited) @executable_path/Frameworks @loader_path/Frameworks";
				PRODUCT_BUNDLE_IDENTIFIER = com.hiroshige.TodoAppTests;
				PRODUCT_NAME = "$(TARGET_NAME)";
				SWIFT_VERSION = 3.0;
				TEST_HOST = "$(BUILT_PRODUCTS_DIR)/TodoApp.app/TodoApp";
			};
			name = Debug;
		};
		45A662AF1E90EF1800E200A8 /* Release */ = {
			isa = XCBuildConfiguration;
			baseConfigurationReference = F76AC27CF285519D5369AC66 /* Pods-TodoAppTests.release.xcconfig */;
			buildSettings = {
				ALWAYS_EMBED_SWIFT_STANDARD_LIBRARIES = YES;
				BUNDLE_LOADER = "$(TEST_HOST)";
				INFOPLIST_FILE = TodoAppTests/Info.plist;
				LD_RUNPATH_SEARCH_PATHS = "$(inherited) @executable_path/Frameworks @loader_path/Frameworks";
				PRODUCT_BUNDLE_IDENTIFIER = com.hiroshige.TodoAppTests;
				PRODUCT_NAME = "$(TARGET_NAME)";
				SWIFT_VERSION = 3.0;
				TEST_HOST = "$(BUILT_PRODUCTS_DIR)/TodoApp.app/TodoApp";
			};
			name = Release;
		};
		45A662B11E90EF1800E200A8 /* Debug */ = {
			isa = XCBuildConfiguration;
			baseConfigurationReference = 63E452956732D98536859D3F /* Pods-TodoAppUITests.debug.xcconfig */;
			buildSettings = {
				ALWAYS_EMBED_SWIFT_STANDARD_LIBRARIES = YES;
				INFOPLIST_FILE = TodoAppUITests/Info.plist;
				LD_RUNPATH_SEARCH_PATHS = "$(inherited) @executable_path/Frameworks @loader_path/Frameworks";
				PRODUCT_BUNDLE_IDENTIFIER = com.hiroshige.TodoAppUITests;
				PRODUCT_NAME = "$(TARGET_NAME)";
				SWIFT_VERSION = 3.0;
				TEST_TARGET_NAME = TodoApp;
			};
			name = Debug;
		};
		45A662B21E90EF1800E200A8 /* Release */ = {
			isa = XCBuildConfiguration;
			baseConfigurationReference = 71B9377608099E7001F9E3A4 /* Pods-TodoAppUITests.release.xcconfig */;
			buildSettings = {
				ALWAYS_EMBED_SWIFT_STANDARD_LIBRARIES = YES;
				INFOPLIST_FILE = TodoAppUITests/Info.plist;
				LD_RUNPATH_SEARCH_PATHS = "$(inherited) @executable_path/Frameworks @loader_path/Frameworks";
				PRODUCT_BUNDLE_IDENTIFIER = com.hiroshige.TodoAppUITests;
				PRODUCT_NAME = "$(TARGET_NAME)";
				SWIFT_VERSION = 3.0;
				TEST_TARGET_NAME = TodoApp;
			};
			name = Release;
		};
/* End XCBuildConfiguration section */

/* Begin XCConfigurationList section */
		45A6627A1E90EF1800E200A8 /* Build configuration list for PBXProject "TodoApp" */ = {
			isa = XCConfigurationList;
			buildConfigurations = (
				45A662A81E90EF1800E200A8 /* Debug */,
				45A662A91E90EF1800E200A8 /* Release */,
			);
			defaultConfigurationIsVisible = 0;
			defaultConfigurationName = Release;
		};
		45A662AA1E90EF1800E200A8 /* Build configuration list for PBXNativeTarget "TodoApp" */ = {
			isa = XCConfigurationList;
			buildConfigurations = (
				45A662AB1E90EF1800E200A8 /* Debug */,
				45A662AC1E90EF1800E200A8 /* Release */,
			);
			defaultConfigurationIsVisible = 0;
		};
		45A662AD1E90EF1800E200A8 /* Build configuration list for PBXNativeTarget "TodoAppTests" */ = {
			isa = XCConfigurationList;
			buildConfigurations = (
				45A662AE1E90EF1800E200A8 /* Debug */,
				45A662AF1E90EF1800E200A8 /* Release */,
			);
			defaultConfigurationIsVisible = 0;
		};
		45A662B01E90EF1800E200A8 /* Build configuration list for PBXNativeTarget "TodoAppUITests" */ = {
			isa = XCConfigurationList;
			buildConfigurations = (
				45A662B11E90EF1800E200A8 /* Debug */,
				45A662B21E90EF1800E200A8 /* Release */,
			);
			defaultConfigurationIsVisible = 0;
		};
/* End XCConfigurationList section */

/* Begin XCVersionGroup section */
		45A662891E90EF1800E200A8 /* TodoApp.xcdatamodeld */ = {
			isa = XCVersionGroup;
			children = (
				45A6628A1E90EF1800E200A8 /* TodoApp.xcdatamodel */,
			);
			currentVersion = 45A6628A1E90EF1800E200A8 /* TodoApp.xcdatamodel */;
			path = TodoApp.xcdatamodeld;
			sourceTree = "<group>";
			versionGroupType = wrapper.xcdatamodel;
		};
/* End XCVersionGroup section */
	};
	rootObject = 45A662771E90EF1800E200A8 /* Project object */;
}
